
Microsoft Visual Studio Solution File, Format Version 12.00
# Visual Studio Version 16
VisualStudioVersion = 16.0.30413.136
MinimumVisualStudioVersion = 10.0.40219.1
Project("{9092AA53-FB77-4645-B42D-1CCCA6BD08BD}") = "test-github-1", "test-github-1\test-github-1.njsproj", "{D0A54034-7513-4DAF-9627-0E57709805BE}"
EndProject
Global
	GlobalSection(SolutionConfigurationPlatforms) = preSolution
		Debug|Any CPU = Debug|Any CPU
		Release|Any CPU = Release|Any CPU
	EndGlobalSection
	GlobalSection(ProjectConfigurationPlatforms) = postSolution
		{D0A54034-7513-4DAF-9627-0E57709805BE}.Debug|Any CPU.ActiveCfg = Debug|Any CPU
		{D0A54034-7513-4DAF-9627-0E57709805BE}.Debug|Any CPU.Build.0 = Debug|Any CPU
		{D0A54034-7513-4DAF-9627-0E57709805BE}.Release|Any CPU.ActiveCfg = Release|Any CPU
		{D0A54034-7513-4DAF-9627-0E57709805BE}.Release|Any CPU.Build.0 = Release|Any CPU
	EndGlobalSection
	GlobalSection(SolutionProperties) = preSolution
		HideSolutionNode = FALSE
	EndGlobalSection
	GlobalSection(ExtensibilityGlobals) = postSolution
		SolutionGuid = {C20ED626-FB77-4D92-A7EB-942EA4AAF41F}
	EndGlobalSection
EndGlobal
